%{
  "nebulex": {:hex, :nebulex, "2.6.3", "78af348ed9f8a338871b41e0b6de718c1808e627ce03fbe86598cbda2bdda2f5", [:mix], [{:decorator, "~> 1.4", [hex: :decorator, repo: "hexpm", optional: true]}, {:shards, "~> 1.1", [hex: :shards, repo: "hexpm", optional: true]}, {:telemetry, "~> 0.4 or ~> 1.0", [hex: :telemetry, repo: "hexpm", optional: true]}], "hexpm", "09cdcbb62f8463ffcec7cae4936425ce91e25d92a6cd37e48b5dda7c851958d5"},
}
